
Microsoft Visual Studio Solution File, Format Version 11.00
# Visual Studio 2010
Project("{FAE04EC0-301F-11D3-BF4B-00C04F79EFBC}") = "Assembly-CSharp", "Assembly-CSharp.csproj", "{a6ff0e12-1aec-730f-6d84-e024bd2c95f0}"
EndProject
Project("{FAE04EC0-301F-11D3-BF4B-00C04F79EFBC}") = "Assembly-CSharp-Editor", "Assembly-CSharp-Editor.csproj", "{c3e15888-ab5b-633d-fbf1-bb5a14a9ca55}"
EndProject
Global
	GlobalSection(SolutionConfigurationPlatforms) = preSolution
		Debug|Any CPU = Debug|Any CPU
	EndGlobalSection
	GlobalSection(ProjectConfigurationPlatforms) = postSolution
		{a6ff0e12-1aec-730f-6d84-e024bd2c95f0}.Debug|Any CPU.ActiveCfg = Debug|Any CPU
		{a6ff0e12-1aec-730f-6d84-e024bd2c95f0}.Debug|Any CPU.Build.0 = Debug|Any CPU
		{c3e15888-ab5b-633d-fbf1-bb5a14a9ca55}.Debug|Any CPU.ActiveCfg = Debug|Any CPU
		{c3e15888-ab5b-633d-fbf1-bb5a14a9ca55}.Debug|Any CPU.Build.0 = Debug|Any CPU
	EndGlobalSection
	GlobalSection(SolutionProperties) = preSolution
		HideSolutionNode = FALSE
	EndGlobalSection
EndGlobal
