
Microsoft Visual Studio Solution File, Format Version 12.00
# Visual Studio 15
Project("{FAE04EC0-301F-11D3-BF4B-00C04F79EFBC}") = "Assembly-CSharp", "Assembly-CSharp.csproj", "{120EFFA6-EC1A-0F73-6D84-E024BD2C95F0}"
EndProject
Project("{FAE04EC0-301F-11D3-BF4B-00C04F79EFBC}") = "Assembly-CSharp-Editor", "Assembly-CSharp-Editor.csproj", "{8858E1C3-5BAB-3D63-FBF1-BB5A14A9CA55}"
EndProject
Global
	GlobalSection(SolutionConfigurationPlatforms) = preSolution
		Debug|Any CPU = Debug|Any CPU
		Release|Any CPU = Release|Any CPU
	EndGlobalSection
	GlobalSection(ProjectConfigurationPlatforms) = postSolution
		{120EFFA6-EC1A-0F73-6D84-E024BD2C95F0}.Debug|Any CPU.ActiveCfg = Debug|Any CPU
		{120EFFA6-EC1A-0F73-6D84-E024BD2C95F0}.Debug|Any CPU.Build.0 = Debug|Any CPU
		{120EFFA6-EC1A-0F73-6D84-E024BD2C95F0}.Release|Any CPU.ActiveCfg = Release|Any CPU
		{120EFFA6-EC1A-0F73-6D84-E024BD2C95F0}.Release|Any CPU.Build.0 = Release|Any CPU
		{8858E1C3-5BAB-3D63-FBF1-BB5A14A9CA55}.Debug|Any CPU.ActiveCfg = Debug|Any CPU
		{8858E1C3-5BAB-3D63-FBF1-BB5A14A9CA55}.Debug|Any CPU.Build.0 = Debug|Any CPU
		{8858E1C3-5BAB-3D63-FBF1-BB5A14A9CA55}.Release|Any CPU.ActiveCfg = Release|Any CPU
		{8858E1C3-5BAB-3D63-FBF1-BB5A14A9CA55}.Release|Any CPU.Build.0 = Release|Any CPU
	EndGlobalSection
	GlobalSection(SolutionProperties) = preSolution
		HideSolutionNode = FALSE
	EndGlobalSection
EndGlobal
